// !$*UTF8*$!
{
	archiveVersion = 1;
	classes = {
	};
	objectVersion = 46;
	objects = {

/* Begin PBXBuildFile section */
		3F69078119DE76360081D1BC /* AppDelegate.swift in Sources */ = {isa = PBXBuildFile; fileRef = 3F69078019DE76360081D1BC /* AppDelegate.swift */; };
		3F69078319DE76360081D1BC /* ViewController.swift in Sources */ = {isa = PBXBuildFile; fileRef = 3F69078219DE76360081D1BC /* ViewController.swift */; };
		3F69078619DE76360081D1BC /* Main.storyboard in Resources */ = {isa = PBXBuildFile; fileRef = 3F69078419DE76360081D1BC /* Main.storyboard */; };
		3F69078819DE76360081D1BC /* Images.xcassets in Resources */ = {isa = PBXBuildFile; fileRef = 3F69078719DE76360081D1BC /* Images.xcassets */; };
		3F69078B19DE76360081D1BC /* LaunchScreen.xib in Resources */ = {isa = PBXBuildFile; fileRef = 3F69078919DE76360081D1BC /* LaunchScreen.xib */; };
		3F69079719DE76360081D1BC /* CoreImageViewTests.swift in Sources */ = {isa = PBXBuildFile; fileRef = 3F69079619DE76360081D1BC /* CoreImageViewTests.swift */; };
		3F6907A319DE98DE0081D1BC /* image.jpg in Resources */ = {isa = PBXBuildFile; fileRef = 3F6907A219DE98DE0081D1BC /* image.jpg */; };
/* End PBXBuildFile section */

/* Begin PBXContainerItemProxy section */
		3F69079119DE76360081D1BC /* PBXContainerItemProxy */ = {
			isa = PBXContainerItemProxy;
			containerPortal = 3F69077319DE76360081D1BC /* Project object */;
			proxyType = 1;
			remoteGlobalIDString = 3F69077A19DE76360081D1BC;
			remoteInfo = CoreImageView;
		};
/* End PBXContainerItemProxy section */

/* Begin PBXFileReference section */
		3F69077B19DE76360081D1BC /* CoreImageView.app */ = {isa = PBXFileReference; explicitFileType = wrapper.application; includeInIndex = 0; path = CoreImageView.app; sourceTree = BUILT_PRODUCTS_DIR; };
		3F69077F19DE76360081D1BC /* Info.plist */ = {isa = PBXFileReference; lastKnownFileType = text.plist.xml; path = Info.plist; sourceTree = "<group>"; };
		3F69078019DE76360081D1BC /* AppDelegate.swift */ = {isa = PBXFileReference; lastKnownFileType = sourcecode.swift; path = AppDelegate.swift; sourceTree = "<group>"; };
		3F69078219DE76360081D1BC /* ViewController.swift */ = {isa = PBXFileReference; lastKnownFileType = sourcecode.swift; path = ViewController.swift; sourceTree = "<group>"; };
		3F69078519DE76360081D1BC /* Base */ = {isa = PBXFileReference; lastKnownFileType = file.storyboard; name = Base; path = Base.lproj/Main.storyboard; sourceTree = "<group>"; };
		3F69078719DE76360081D1BC /* Images.xcassets */ = {isa = PBXFileReference; lastKnownFileType = folder.assetcatalog; path = Images.xcassets; sourceTree = "<group>"; };
		3F69078A19DE76360081D1BC /* Base */ = {isa = PBXFileReference; lastKnownFileType = file.xib; name = Base; path = Base.lproj/LaunchScreen.xib; sourceTree = "<group>"; };
		3F69079019DE76360081D1BC /* CoreImageViewTests.xctest */ = {isa = PBXFileReference; explicitFileType = wrapper.cfbundle; includeInIndex = 0; path = CoreImageViewTests.xctest; sourceTree = BUILT_PRODUCTS_DIR; };
		3F69079519DE76360081D1BC /* Info.plist */ = {isa = PBXFileReference; lastKnownFileType = text.plist.xml; path = Info.plist; sourceTree = "<group>"; };
		3F69079619DE76360081D1BC /* CoreImageViewTests.swift */ = {isa = PBXFileReference; lastKnownFileType = sourcecode.swift; path = CoreImageViewTests.swift; sourceTree = "<group>"; };
		3F6907A219DE98DE0081D1BC /* image.jpg */ = {isa = PBXFileReference; lastKnownFileType = image.jpeg; path = image.jpg; sourceTree = "<group>"; };
/* End PBXFileReference section */

/* Begin PBXFrameworksBuildPhase section */
		3F69077819DE76360081D1BC /* Frameworks */ = {
			isa = PBXFrameworksBuildPhase;
			buildActionMask = 2147483647;
			files = (
			);
			runOnlyForDeploymentPostprocessing = 0;
		};
		3F69078D19DE76360081D1BC /* Frameworks */ = {
			isa = PBXFrameworksBuildPhase;
			buildActionMask = 2147483647;
			files = (
			);
			runOnlyForDeploymentPostprocessing = 0;
		};
/* End PBXFrameworksBuildPhase section */

/* Begin PBXGroup section */
		3F69077219DE76360081D1BC = {
			isa = PBXGroup;
			children = (
				3F69077D19DE76360081D1BC /* CoreImageView */,
				3F69079319DE76360081D1BC /* CoreImageViewTests */,
				3F69077C19DE76360081D1BC /* Products */,
			);
			sourceTree = "<group>";
		};
		3F69077C19DE76360081D1BC /* Products */ = {
			isa = PBXGroup;
			children = (
				3F69077B19DE76360081D1BC /* CoreImageView.app */,
				3F69079019DE76360081D1BC /* CoreImageViewTests.xctest */,
			);
			name = Products;
			sourceTree = "<group>";
		};
		3F69077D19DE76360081D1BC /* CoreImageView */ = {
			isa = PBXGroup;
			children = (
				3F69078019DE76360081D1BC /* AppDelegate.swift */,
				3F69078219DE76360081D1BC /* ViewController.swift */,
				3F69078419DE76360081D1BC /* Main.storyboard */,
				3F69078719DE76360081D1BC /* Images.xcassets */,
				3F69078919DE76360081D1BC /* LaunchScreen.xib */,
				3F69077E19DE76360081D1BC /* Supporting Files */,
			);
			path = CoreImageView;
			sourceTree = "<group>";
		};
		3F69077E19DE76360081D1BC /* Supporting Files */ = {
			isa = PBXGroup;
			children = (
				3F6907A219DE98DE0081D1BC /* image.jpg */,
				3F69077F19DE76360081D1BC /* Info.plist */,
			);
			name = "Supporting Files";
			sourceTree = "<group>";
		};
		3F69079319DE76360081D1BC /* CoreImageViewTests */ = {
			isa = PBXGroup;
			children = (
				3F69079619DE76360081D1BC /* CoreImageViewTests.swift */,
				3F69079419DE76360081D1BC /* Supporting Files */,
			);
			path = CoreImageViewTests;
			sourceTree = "<group>";
		};
		3F69079419DE76360081D1BC /* Supporting Files */ = {
			isa = PBXGroup;
			children = (
				3F69079519DE76360081D1BC /* Info.plist */,
			);
			name = "Supporting Files";
			sourceTree = "<group>";
		};
/* End PBXGroup section */

/* Begin PBXNativeTarget section */
		3F69077A19DE76360081D1BC /* CoreImageView */ = {
			isa = PBXNativeTarget;
			buildConfigurationList = 3F69079A19DE76360081D1BC /* Build configuration list for PBXNativeTarget "CoreImageView" */;
			buildPhases = (
				3F69077719DE76360081D1BC /* Sources */,
				3F69077819DE76360081D1BC /* Frameworks */,
				3F69077919DE76360081D1BC /* Resources */,
			);
			buildRules = (
			);
			dependencies = (
			);
			name = CoreImageView;
			productName = CoreImageView;
			productReference = 3F69077B19DE76360081D1BC /* CoreImageView.app */;
			productType = "com.apple.product-type.application";
		};
		3F69078F19DE76360081D1BC /* CoreImageViewTests */ = {
			isa = PBXNativeTarget;
			buildConfigurationList = 3F69079D19DE76360081D1BC /* Build configuration list for PBXNativeTarget "CoreImageViewTests" */;
			buildPhases = (
				3F69078C19DE76360081D1BC /* Sources */,
				3F69078D19DE76360081D1BC /* Frameworks */,
				3F69078E19DE76360081D1BC /* Resources */,
			);
			buildRules = (
			);
			dependencies = (
				3F69079219DE76360081D1BC /* PBXTargetDependency */,
			);
			name = CoreImageViewTests;
			productName = CoreImageViewTests;
			productReference = 3F69079019DE76360081D1BC /* CoreImageViewTests.xctest */;
			productType = "com.apple.product-type.bundle.unit-test";
		};
/* End PBXNativeTarget section */

/* Begin PBXProject section */
		3F69077319DE76360081D1BC /* Project object */ = {
			isa = PBXProject;
			attributes = {
				LastUpgradeCheck = 0600;
				ORGANIZATIONNAME = Student;
				TargetAttributes = {
					3F69077A19DE76360081D1BC = {
						CreatedOnToolsVersion = 6.0;
					};
					3F69078F19DE76360081D1BC = {
						CreatedOnToolsVersion = 6.0;
						TestTargetID = 3F69077A19DE76360081D1BC;
					};
				};
			};
			buildConfigurationList = 3F69077619DE76360081D1BC /* Build configuration list for PBXProject "CoreImageView" */;
			compatibilityVersion = "Xcode 3.2";
			developmentRegion = English;
			hasScannedForEncodings = 0;
			knownRegions = (
				en,
				Base,
			);
			mainGroup = 3F69077219DE76360081D1BC;
			productRefGroup = 3F69077C19DE76360081D1BC /* Products */;
			projectDirPath = "";
			projectRoot = "";
			targets = (
				3F69077A19DE76360081D1BC /* CoreImageView */,
				3F69078F19DE76360081D1BC /* CoreImageViewTests */,
			);
		};
/* End PBXProject section */

/* Begin PBXResourcesBuildPhase section */
		3F69077919DE76360081D1BC /* Resources */ = {
			isa = PBXResourcesBuildPhase;
			buildActionMask = 2147483647;
			files = (
				3F69078619DE76360081D1BC /* Main.storyboard in Resources */,
				3F69078B19DE76360081D1BC /* LaunchScreen.xib in Resources */,
				3F6907A319DE98DE0081D1BC /* image.jpg in Resources */,
				3F69078819DE76360081D1BC /* Images.xcassets in Resources */,
			);
			runOnlyForDeploymentPostprocessing = 0;
		};
		3F69078E19DE76360081D1BC /* Resources */ = {
			isa = PBXResourcesBuildPhase;
			buildActionMask = 2147483647;
			files = (
			);
			runOnlyForDeploymentPostprocessing = 0;
		};
/* End PBXResourcesBuildPhase section */

/* Begin PBXSourcesBuildPhase section */
		3F69077719DE76360081D1BC /* Sources */ = {
			isa = PBXSourcesBuildPhase;
			buildActionMask = 2147483647;
			files = (
				3F69078319DE76360081D1BC /* ViewController.swift in Sources */,
				3F69078119DE76360081D1BC /* AppDelegate.swift in Sources */,
			);
			runOnlyForDeploymentPostprocessing = 0;
		};
		3F69078C19DE76360081D1BC /* Sources */ = {
			isa = PBXSourcesBuildPhase;
			buildActionMask = 2147483647;
			files = (
				3F69079719DE76360081D1BC /* CoreImageViewTests.swift in Sources */,
			);
			runOnlyForDeploymentPostprocessing = 0;
		};
/* End PBXSourcesBuildPhase section */

/* Begin PBXTargetDependency section */
		3F69079219DE76360081D1BC /* PBXTargetDependency */ = {
			isa = PBXTargetDependency;
			target = 3F69077A19DE76360081D1BC /* CoreImageView */;
			targetProxy = 3F69079119DE76360081D1BC /* PBXContainerItemProxy */;
		};
/* End PBXTargetDependency section */

/* Begin PBXVariantGroup section */
		3F69078419DE76360081D1BC /* Main.storyboard */ = {
			isa = PBXVariantGroup;
			children = (
				3F69078519DE76360081D1BC /* Base */,
			);
			name = Main.storyboard;
			sourceTree = "<group>";
		};
		3F69078919DE76360081D1BC /* LaunchScreen.xib */ = {
			isa = PBXVariantGroup;
			children = (
				3F69078A19DE76360081D1BC /* Base */,
			);
			name = LaunchScreen.xib;
			sourceTree = "<group>";
		};
/* End PBXVariantGroup section */

/* Begin XCBuildConfiguration section */
		3F69079819DE76360081D1BC /* Debug */ = {
			isa = XCBuildConfiguration;
			buildSettings = {
				ALWAYS_SEARCH_USER_PATHS = NO;
				CLANG_CXX_LANGUAGE_STANDARD = "gnu++0x";
				CLANG_CXX_LIBRARY = "libc++";
				CLANG_ENABLE_MODULES = YES;
				CLANG_ENABLE_OBJC_ARC = YES;
				CLANG_WARN_BOOL_CONVERSION = YES;
				CLANG_WARN_CONSTANT_CONVERSION = YES;
				CLANG_WARN_DIRECT_OBJC_ISA_USAGE = YES_ERROR;
				CLANG_WARN_EMPTY_BODY = YES;
				CLANG_WARN_ENUM_CONVERSION = YES;
				CLANG_WARN_INT_CONVERSION = YES;
				CLANG_WARN_OBJC_ROOT_CLASS = YES_ERROR;
				CLANG_WARN_UNREACHABLE_CODE = YES;
				CLANG_WARN__DUPLICATE_METHOD_MATCH = YES;
				"CODE_SIGN_IDENTITY[sdk=iphoneos*]" = "iPhone Developer";
				COPY_PHASE_STRIP = NO;
				ENABLE_STRICT_OBJC_MSGSEND = YES;
				GCC_C_LANGUAGE_STANDARD = gnu99;
				GCC_DYNAMIC_NO_PIC = NO;
				GCC_OPTIMIZATION_LEVEL = 0;
				GCC_PREPROCESSOR_DEFINITIONS = (
					"DEBUG=1",
					"$(inherited)",
				);
				GCC_SYMBOLS_PRIVATE_EXTERN = NO;
				GCC_WARN_64_TO_32_BIT_CONVERSION = YES;
				GCC_WARN_ABOUT_RETURN_TYPE = YES_ERROR;
				GCC_WARN_UNDECLARED_SELECTOR = YES;
				GCC_WARN_UNINITIALIZED_AUTOS = YES_AGGRESSIVE;
				GCC_WARN_UNUSED_FUNCTION = YES;
				GCC_WARN_UNUSED_VARIABLE = YES;
				IPHONEOS_DEPLOYMENT_TARGET = 8.0;
				MTL_ENABLE_DEBUG_INFO = YES;
				ONLY_ACTIVE_ARCH = YES;
				SDKROOT = iphoneos;
				SWIFT_OPTIMIZATION_LEVEL = "-Onone";
			};
			name = Debug;
		};
		3F69079919DE76360081D1BC /* Release */ = {
			isa = XCBuildConfiguration;
			buildSettings = {
				ALWAYS_SEARCH_USER_PATHS = NO;
				CLANG_CXX_LANGUAGE_STANDARD = "gnu++0x";
				CLANG_CXX_LIBRARY = "libc++";
				CLANG_ENABLE_MODULES = YES;
				CLANG_ENABLE_OBJC_ARC = YES;
				CLANG_WARN_BOOL_CONVERSION = YES;
				CLANG_WARN_CONSTANT_CONVERSION = YES;
				CLANG_WARN_DIRECT_OBJC_ISA_USAGE = YES_ERROR;
				CLANG_WARN_EMPTY_BODY = YES;
				CLANG_WARN_ENUM_CONVERSION = YES;
				CLANG_WARN_INT_CONVERSION = YES;
				CLANG_WARN_OBJC_ROOT_CLASS = YES_ERROR;
				CLANG_WARN_UNREACHABLE_CODE = YES;
				CLANG_WARN__DUPLICATE_METHOD_MATCH = YES;
				"CODE_SIGN_IDENTITY[sdk=iphoneos*]" = "iPhone Developer";
				COPY_PHASE_STRIP = YES;
				ENABLE_NS_ASSERTIONS = NO;
				ENABLE_STRICT_OBJC_MSGSEND = YES;
				GCC_C_LANGUAGE_STANDARD = gnu99;
				GCC_WARN_64_TO_32_BIT_CONVERSION = YES;
				GCC_WARN_ABOUT_RETURN_TYPE = YES_ERROR;
				GCC_WARN_UNDECLARED_SELECTOR = YES;
				GCC_WARN_UNINITIALIZED_AUTOS = YES_AGGRESSIVE;
				GCC_WARN_UNUSED_FUNCTION = YES;
				GCC_WARN_UNUSED_VARIABLE = YES;
				IPHONEOS_DEPLOYMENT_TARGET = 8.0;
				MTL_ENABLE_DEBUG_INFO = NO;
				SDKROOT = iphoneos;
				VALIDATE_PRODUCT = YES;
			};
			name = Release;
		};
		3F69079B19DE76360081D1BC /* Debug */ = {
			isa = XCBuildConfiguration;
			buildSettings = {
				ASSETCATALOG_COMPILER_APPICON_NAME = AppIcon;
				INFOPLIST_FILE = CoreImageView/Info.plist;
				LD_RUNPATH_SEARCH_PATHS = "$(inherited) @executable_path/Frameworks";
				PRODUCT_NAME = "$(TARGET_NAME)";
			};
			name = Debug;
		};
		3F69079C19DE76360081D1BC /* Release */ = {
			isa = XCBuildConfiguration;
			buildSettings = {
				ASSETCATALOG_COMPILER_APPICON_NAME = AppIcon;
				INFOPLIST_FILE = CoreImageView/Info.plist;
				LD_RUNPATH_SEARCH_PATHS = "$(inherited) @executable_path/Frameworks";
				PRODUCT_NAME = "$(TARGET_NAME)";
			};
			name = Release;
		};
		3F69079E19DE76360081D1BC /* Debug */ = {
			isa = XCBuildConfiguration;
			buildSettings = {
				BUNDLE_LOADER = "$(TEST_HOST)";
				FRAMEWORK_SEARCH_PATHS = (
					"$(SDKROOT)/Developer/Library/Frameworks",
					"$(inherited)",
				);
				GCC_PREPROCESSOR_DEFINITIONS = (
					"DEBUG=1",
					"$(inherited)",
				);
				INFOPLIST_FILE = CoreImageViewTests/Info.plist;
				LD_RUNPATH_SEARCH_PATHS = "$(inherited) @executable_path/Frameworks @loader_path/Frameworks";
				PRODUCT_NAME = "$(TARGET_NAME)";
				TEST_HOST = "$(BUILT_PRODUCTS_DIR)/CoreImageView.app/CoreImageView";
			};
			name = Debug;
		};
		3F69079F19DE76360081D1BC /* Release */ = {
			isa = XCBuildConfiguration;
			buildSettings = {
				BUNDLE_LOADER = "$(TEST_HOST)";
				FRAMEWORK_SEARCH_PATHS = (
					"$(SDKROOT)/Developer/Library/Frameworks",
					"$(inherited)",
				);
				INFOPLIST_FILE = CoreImageViewTests/Info.plist;
				LD_RUNPATH_SEARCH_PATHS = "$(inherited) @executable_path/Frameworks @loader_path/Frameworks";
				PRODUCT_NAME = "$(TARGET_NAME)";
				TEST_HOST = "$(BUILT_PRODUCTS_DIR)/CoreImageView.app/CoreImageView";
			};
			name = Release;
		};
/* End XCBuildConfiguration section */

/* Begin XCConfigurationList section */
		3F69077619DE76360081D1BC /* Build configuration list for PBXProject "CoreImageView" */ = {
			isa = XCConfigurationList;
			buildConfigurations = (
				3F69079819DE76360081D1BC /* Debug */,
				3F69079919DE76360081D1BC /* Release */,
			);
			defaultConfigurationIsVisible = 0;
			defaultConfigurationName = Release;
		};
		3F69079A19DE76360081D1BC /* Build configuration list for PBXNativeTarget "CoreImageView" */ = {
			isa = XCConfigurationList;
			buildConfigurations = (
				3F69079B19DE76360081D1BC /* Debug */,
				3F69079C19DE76360081D1BC /* Release */,
			);
			defaultConfigurationIsVisible = 0;
			defaultConfigurationName = Release;
		};
		3F69079D19DE76360081D1BC /* Build configuration list for PBXNativeTarget "CoreImageViewTests" */ = {
			isa = XCConfigurationList;
			buildConfigurations = (
				3F69079E19DE76360081D1BC /* Debug */,
				3F69079F19DE76360081D1BC /* Release */,
			);
			defaultConfigurationIsVisible = 0;
			defaultConfigurationName = Release;
		};
/* End XCConfigurationList section */
	};
	rootObject = 3F69077319DE76360081D1BC /* Project object */;
}
