// !$*UTF8*$!
{
	archiveVersion = 1;
	classes = {
	};
	objectVersion = 46;
	objects = {

/* Begin PBXBuildFile section */
		3FE6A19A1A15D67F00F9B356 /* AppDelegate.swift in Sources */ = {isa = PBXBuildFile; fileRef = 3FE6A1991A15D67F00F9B356 /* AppDelegate.swift */; };
		3FE6A19C1A15D67F00F9B356 /* ViewController.swift in Sources */ = {isa = PBXBuildFile; fileRef = 3FE6A19B1A15D67F00F9B356 /* ViewController.swift */; };
		3FE6A19F1A15D67F00F9B356 /* Main.storyboard in Resources */ = {isa = PBXBuildFile; fileRef = 3FE6A19D1A15D67F00F9B356 /* Main.storyboard */; };
		3FE6A1A11A15D67F00F9B356 /* Images.xcassets in Resources */ = {isa = PBXBuildFile; fileRef = 3FE6A1A01A15D67F00F9B356 /* Images.xcassets */; };
		3FE6A1A41A15D67F00F9B356 /* LaunchScreen.xib in Resources */ = {isa = PBXBuildFile; fileRef = 3FE6A1A21A15D67F00F9B356 /* LaunchScreen.xib */; };
		3FE6A1B01A15D67F00F9B356 /* QuizMobileTests.swift in Sources */ = {isa = PBXBuildFile; fileRef = 3FE6A1AF1A15D67F00F9B356 /* QuizMobileTests.swift */; };
/* End PBXBuildFile section */

/* Begin PBXContainerItemProxy section */
		3FE6A1AA1A15D67F00F9B356 /* PBXContainerItemProxy */ = {
			isa = PBXContainerItemProxy;
			containerPortal = 3FE6A18C1A15D67F00F9B356 /* Project object */;
			proxyType = 1;
			remoteGlobalIDString = 3FE6A1931A15D67F00F9B356;
			remoteInfo = QuizMobile;
		};
/* End PBXContainerItemProxy section */

/* Begin PBXFileReference section */
		3FE6A1941A15D67F00F9B356 /* QuizMobile.app */ = {isa = PBXFileReference; explicitFileType = wrapper.application; includeInIndex = 0; path = QuizMobile.app; sourceTree = BUILT_PRODUCTS_DIR; };
		3FE6A1981A15D67F00F9B356 /* Info.plist */ = {isa = PBXFileReference; lastKnownFileType = text.plist.xml; path = Info.plist; sourceTree = "<group>"; };
		3FE6A1991A15D67F00F9B356 /* AppDelegate.swift */ = {isa = PBXFileReference; lastKnownFileType = sourcecode.swift; path = AppDelegate.swift; sourceTree = "<group>"; };
		3FE6A19B1A15D67F00F9B356 /* ViewController.swift */ = {isa = PBXFileReference; lastKnownFileType = sourcecode.swift; path = ViewController.swift; sourceTree = "<group>"; };
		3FE6A19E1A15D67F00F9B356 /* Base */ = {isa = PBXFileReference; lastKnownFileType = file.storyboard; name = Base; path = Base.lproj/Main.storyboard; sourceTree = "<group>"; };
		3FE6A1A01A15D67F00F9B356 /* Images.xcassets */ = {isa = PBXFileReference; lastKnownFileType = folder.assetcatalog; path = Images.xcassets; sourceTree = "<group>"; };
		3FE6A1A31A15D67F00F9B356 /* Base */ = {isa = PBXFileReference; lastKnownFileType = file.xib; name = Base; path = Base.lproj/LaunchScreen.xib; sourceTree = "<group>"; };
		3FE6A1A91A15D67F00F9B356 /* QuizMobileTests.xctest */ = {isa = PBXFileReference; explicitFileType = wrapper.cfbundle; includeInIndex = 0; path = QuizMobileTests.xctest; sourceTree = BUILT_PRODUCTS_DIR; };
		3FE6A1AE1A15D67F00F9B356 /* Info.plist */ = {isa = PBXFileReference; lastKnownFileType = text.plist.xml; path = Info.plist; sourceTree = "<group>"; };
		3FE6A1AF1A15D67F00F9B356 /* QuizMobileTests.swift */ = {isa = PBXFileReference; lastKnownFileType = sourcecode.swift; path = QuizMobileTests.swift; sourceTree = "<group>"; };
/* End PBXFileReference section */

/* Begin PBXFrameworksBuildPhase section */
		3FE6A1911A15D67F00F9B356 /* Frameworks */ = {
			isa = PBXFrameworksBuildPhase;
			buildActionMask = 2147483647;
			files = (
			);
			runOnlyForDeploymentPostprocessing = 0;
		};
		3FE6A1A61A15D67F00F9B356 /* Frameworks */ = {
			isa = PBXFrameworksBuildPhase;
			buildActionMask = 2147483647;
			files = (
			);
			runOnlyForDeploymentPostprocessing = 0;
		};
/* End PBXFrameworksBuildPhase section */

/* Begin PBXGroup section */
		3FE6A18B1A15D67F00F9B356 = {
			isa = PBXGroup;
			children = (
				3FE6A1961A15D67F00F9B356 /* QuizMobile */,
				3FE6A1AC1A15D67F00F9B356 /* QuizMobileTests */,
				3FE6A1951A15D67F00F9B356 /* Products */,
			);
			sourceTree = "<group>";
		};
		3FE6A1951A15D67F00F9B356 /* Products */ = {
			isa = PBXGroup;
			children = (
				3FE6A1941A15D67F00F9B356 /* QuizMobile.app */,
				3FE6A1A91A15D67F00F9B356 /* QuizMobileTests.xctest */,
			);
			name = Products;
			sourceTree = "<group>";
		};
		3FE6A1961A15D67F00F9B356 /* QuizMobile */ = {
			isa = PBXGroup;
			children = (
				3FE6A1991A15D67F00F9B356 /* AppDelegate.swift */,
				3FE6A19B1A15D67F00F9B356 /* ViewController.swift */,
				3FE6A19D1A15D67F00F9B356 /* Main.storyboard */,
				3FE6A1A01A15D67F00F9B356 /* Images.xcassets */,
				3FE6A1A21A15D67F00F9B356 /* LaunchScreen.xib */,
				3FE6A1971A15D67F00F9B356 /* Supporting Files */,
			);
			path = QuizMobile;
			sourceTree = "<group>";
		};
		3FE6A1971A15D67F00F9B356 /* Supporting Files */ = {
			isa = PBXGroup;
			children = (
				3FE6A1981A15D67F00F9B356 /* Info.plist */,
			);
			name = "Supporting Files";
			sourceTree = "<group>";
		};
		3FE6A1AC1A15D67F00F9B356 /* QuizMobileTests */ = {
			isa = PBXGroup;
			children = (
				3FE6A1AF1A15D67F00F9B356 /* QuizMobileTests.swift */,
				3FE6A1AD1A15D67F00F9B356 /* Supporting Files */,
			);
			path = QuizMobileTests;
			sourceTree = "<group>";
		};
		3FE6A1AD1A15D67F00F9B356 /* Supporting Files */ = {
			isa = PBXGroup;
			children = (
				3FE6A1AE1A15D67F00F9B356 /* Info.plist */,
			);
			name = "Supporting Files";
			sourceTree = "<group>";
		};
/* End PBXGroup section */

/* Begin PBXNativeTarget section */
		3FE6A1931A15D67F00F9B356 /* QuizMobile */ = {
			isa = PBXNativeTarget;
			buildConfigurationList = 3FE6A1B31A15D67F00F9B356 /* Build configuration list for PBXNativeTarget "QuizMobile" */;
			buildPhases = (
				3FE6A1901A15D67F00F9B356 /* Sources */,
				3FE6A1911A15D67F00F9B356 /* Frameworks */,
				3FE6A1921A15D67F00F9B356 /* Resources */,
			);
			buildRules = (
			);
			dependencies = (
			);
			name = QuizMobile;
			productName = QuizMobile;
			productReference = 3FE6A1941A15D67F00F9B356 /* QuizMobile.app */;
			productType = "com.apple.product-type.application";
		};
		3FE6A1A81A15D67F00F9B356 /* QuizMobileTests */ = {
			isa = PBXNativeTarget;
			buildConfigurationList = 3FE6A1B61A15D67F00F9B356 /* Build configuration list for PBXNativeTarget "QuizMobileTests" */;
			buildPhases = (
				3FE6A1A51A15D67F00F9B356 /* Sources */,
				3FE6A1A61A15D67F00F9B356 /* Frameworks */,
				3FE6A1A71A15D67F00F9B356 /* Resources */,
			);
			buildRules = (
			);
			dependencies = (
				3FE6A1AB1A15D67F00F9B356 /* PBXTargetDependency */,
			);
			name = QuizMobileTests;
			productName = QuizMobileTests;
			productReference = 3FE6A1A91A15D67F00F9B356 /* QuizMobileTests.xctest */;
			productType = "com.apple.product-type.bundle.unit-test";
		};
/* End PBXNativeTarget section */

/* Begin PBXProject section */
		3FE6A18C1A15D67F00F9B356 /* Project object */ = {
			isa = PBXProject;
			attributes = {
				LastUpgradeCheck = 0600;
				ORGANIZATIONNAME = Student;
				TargetAttributes = {
					3FE6A1931A15D67F00F9B356 = {
						CreatedOnToolsVersion = 6.0;
					};
					3FE6A1A81A15D67F00F9B356 = {
						CreatedOnToolsVersion = 6.0;
						TestTargetID = 3FE6A1931A15D67F00F9B356;
					};
				};
			};
			buildConfigurationList = 3FE6A18F1A15D67F00F9B356 /* Build configuration list for PBXProject "QuizMobile" */;
			compatibilityVersion = "Xcode 3.2";
			developmentRegion = English;
			hasScannedForEncodings = 0;
			knownRegions = (
				en,
				Base,
			);
			mainGroup = 3FE6A18B1A15D67F00F9B356;
			productRefGroup = 3FE6A1951A15D67F00F9B356 /* Products */;
			projectDirPath = "";
			projectRoot = "";
			targets = (
				3FE6A1931A15D67F00F9B356 /* QuizMobile */,
				3FE6A1A81A15D67F00F9B356 /* QuizMobileTests */,
			);
		};
/* End PBXProject section */

/* Begin PBXResourcesBuildPhase section */
		3FE6A1921A15D67F00F9B356 /* Resources */ = {
			isa = PBXResourcesBuildPhase;
			buildActionMask = 2147483647;
			files = (
				3FE6A19F1A15D67F00F9B356 /* Main.storyboard in Resources */,
				3FE6A1A41A15D67F00F9B356 /* LaunchScreen.xib in Resources */,
				3FE6A1A11A15D67F00F9B356 /* Images.xcassets in Resources */,
			);
			runOnlyForDeploymentPostprocessing = 0;
		};
		3FE6A1A71A15D67F00F9B356 /* Resources */ = {
			isa = PBXResourcesBuildPhase;
			buildActionMask = 2147483647;
			files = (
			);
			runOnlyForDeploymentPostprocessing = 0;
		};
/* End PBXResourcesBuildPhase section */

/* Begin PBXSourcesBuildPhase section */
		3FE6A1901A15D67F00F9B356 /* Sources */ = {
			isa = PBXSourcesBuildPhase;
			buildActionMask = 2147483647;
			files = (
				3FE6A19C1A15D67F00F9B356 /* ViewController.swift in Sources */,
				3FE6A19A1A15D67F00F9B356 /* AppDelegate.swift in Sources */,
			);
			runOnlyForDeploymentPostprocessing = 0;
		};
		3FE6A1A51A15D67F00F9B356 /* Sources */ = {
			isa = PBXSourcesBuildPhase;
			buildActionMask = 2147483647;
			files = (
				3FE6A1B01A15D67F00F9B356 /* QuizMobileTests.swift in Sources */,
			);
			runOnlyForDeploymentPostprocessing = 0;
		};
/* End PBXSourcesBuildPhase section */

/* Begin PBXTargetDependency section */
		3FE6A1AB1A15D67F00F9B356 /* PBXTargetDependency */ = {
			isa = PBXTargetDependency;
			target = 3FE6A1931A15D67F00F9B356 /* QuizMobile */;
			targetProxy = 3FE6A1AA1A15D67F00F9B356 /* PBXContainerItemProxy */;
		};
/* End PBXTargetDependency section */

/* Begin PBXVariantGroup section */
		3FE6A19D1A15D67F00F9B356 /* Main.storyboard */ = {
			isa = PBXVariantGroup;
			children = (
				3FE6A19E1A15D67F00F9B356 /* Base */,
			);
			name = Main.storyboard;
			sourceTree = "<group>";
		};
		3FE6A1A21A15D67F00F9B356 /* LaunchScreen.xib */ = {
			isa = PBXVariantGroup;
			children = (
				3FE6A1A31A15D67F00F9B356 /* Base */,
			);
			name = LaunchScreen.xib;
			sourceTree = "<group>";
		};
/* End PBXVariantGroup section */

/* Begin XCBuildConfiguration section */
		3FE6A1B11A15D67F00F9B356 /* Debug */ = {
			isa = XCBuildConfiguration;
			buildSettings = {
				ALWAYS_SEARCH_USER_PATHS = NO;
				CLANG_CXX_LANGUAGE_STANDARD = "gnu++0x";
				CLANG_CXX_LIBRARY = "libc++";
				CLANG_ENABLE_MODULES = YES;
				CLANG_ENABLE_OBJC_ARC = YES;
				CLANG_WARN_BOOL_CONVERSION = YES;
				CLANG_WARN_CONSTANT_CONVERSION = YES;
				CLANG_WARN_DIRECT_OBJC_ISA_USAGE = YES_ERROR;
				CLANG_WARN_EMPTY_BODY = YES;
				CLANG_WARN_ENUM_CONVERSION = YES;
				CLANG_WARN_INT_CONVERSION = YES;
				CLANG_WARN_OBJC_ROOT_CLASS = YES_ERROR;
				CLANG_WARN_UNREACHABLE_CODE = YES;
				CLANG_WARN__DUPLICATE_METHOD_MATCH = YES;
				"CODE_SIGN_IDENTITY[sdk=iphoneos*]" = "iPhone Developer";
				COPY_PHASE_STRIP = NO;
				ENABLE_STRICT_OBJC_MSGSEND = YES;
				GCC_C_LANGUAGE_STANDARD = gnu99;
				GCC_DYNAMIC_NO_PIC = NO;
				GCC_OPTIMIZATION_LEVEL = 0;
				GCC_PREPROCESSOR_DEFINITIONS = (
					"DEBUG=1",
					"$(inherited)",
				);
				GCC_SYMBOLS_PRIVATE_EXTERN = NO;
				GCC_WARN_64_TO_32_BIT_CONVERSION = YES;
				GCC_WARN_ABOUT_RETURN_TYPE = YES_ERROR;
				GCC_WARN_UNDECLARED_SELECTOR = YES;
				GCC_WARN_UNINITIALIZED_AUTOS = YES_AGGRESSIVE;
				GCC_WARN_UNUSED_FUNCTION = YES;
				GCC_WARN_UNUSED_VARIABLE = YES;
				IPHONEOS_DEPLOYMENT_TARGET = 8.0;
				MTL_ENABLE_DEBUG_INFO = YES;
				ONLY_ACTIVE_ARCH = YES;
				SDKROOT = iphoneos;
				SWIFT_OPTIMIZATION_LEVEL = "-Onone";
			};
			name = Debug;
		};
		3FE6A1B21A15D67F00F9B356 /* Release */ = {
			isa = XCBuildConfiguration;
			buildSettings = {
				ALWAYS_SEARCH_USER_PATHS = NO;
				CLANG_CXX_LANGUAGE_STANDARD = "gnu++0x";
				CLANG_CXX_LIBRARY = "libc++";
				CLANG_ENABLE_MODULES = YES;
				CLANG_ENABLE_OBJC_ARC = YES;
				CLANG_WARN_BOOL_CONVERSION = YES;
				CLANG_WARN_CONSTANT_CONVERSION = YES;
				CLANG_WARN_DIRECT_OBJC_ISA_USAGE = YES_ERROR;
				CLANG_WARN_EMPTY_BODY = YES;
				CLANG_WARN_ENUM_CONVERSION = YES;
				CLANG_WARN_INT_CONVERSION = YES;
				CLANG_WARN_OBJC_ROOT_CLASS = YES_ERROR;
				CLANG_WARN_UNREACHABLE_CODE = YES;
				CLANG_WARN__DUPLICATE_METHOD_MATCH = YES;
				"CODE_SIGN_IDENTITY[sdk=iphoneos*]" = "iPhone Developer";
				COPY_PHASE_STRIP = YES;
				ENABLE_NS_ASSERTIONS = NO;
				ENABLE_STRICT_OBJC_MSGSEND = YES;
				GCC_C_LANGUAGE_STANDARD = gnu99;
				GCC_WARN_64_TO_32_BIT_CONVERSION = YES;
				GCC_WARN_ABOUT_RETURN_TYPE = YES_ERROR;
				GCC_WARN_UNDECLARED_SELECTOR = YES;
				GCC_WARN_UNINITIALIZED_AUTOS = YES_AGGRESSIVE;
				GCC_WARN_UNUSED_FUNCTION = YES;
				GCC_WARN_UNUSED_VARIABLE = YES;
				IPHONEOS_DEPLOYMENT_TARGET = 8.0;
				MTL_ENABLE_DEBUG_INFO = NO;
				SDKROOT = iphoneos;
				VALIDATE_PRODUCT = YES;
			};
			name = Release;
		};
		3FE6A1B41A15D67F00F9B356 /* Debug */ = {
			isa = XCBuildConfiguration;
			buildSettings = {
				ASSETCATALOG_COMPILER_APPICON_NAME = AppIcon;
				INFOPLIST_FILE = QuizMobile/Info.plist;
				LD_RUNPATH_SEARCH_PATHS = "$(inherited) @executable_path/Frameworks";
				PRODUCT_NAME = "$(TARGET_NAME)";
			};
			name = Debug;
		};
		3FE6A1B51A15D67F00F9B356 /* Release */ = {
			isa = XCBuildConfiguration;
			buildSettings = {
				ASSETCATALOG_COMPILER_APPICON_NAME = AppIcon;
				INFOPLIST_FILE = QuizMobile/Info.plist;
				LD_RUNPATH_SEARCH_PATHS = "$(inherited) @executable_path/Frameworks";
				PRODUCT_NAME = "$(TARGET_NAME)";
			};
			name = Release;
		};
		3FE6A1B71A15D67F00F9B356 /* Debug */ = {
			isa = XCBuildConfiguration;
			buildSettings = {
				BUNDLE_LOADER = "$(TEST_HOST)";
				FRAMEWORK_SEARCH_PATHS = (
					"$(SDKROOT)/Developer/Library/Frameworks",
					"$(inherited)",
				);
				GCC_PREPROCESSOR_DEFINITIONS = (
					"DEBUG=1",
					"$(inherited)",
				);
				INFOPLIST_FILE = QuizMobileTests/Info.plist;
				LD_RUNPATH_SEARCH_PATHS = "$(inherited) @executable_path/Frameworks @loader_path/Frameworks";
				PRODUCT_NAME = "$(TARGET_NAME)";
				TEST_HOST = "$(BUILT_PRODUCTS_DIR)/QuizMobile.app/QuizMobile";
			};
			name = Debug;
		};
		3FE6A1B81A15D67F00F9B356 /* Release */ = {
			isa = XCBuildConfiguration;
			buildSettings = {
				BUNDLE_LOADER = "$(TEST_HOST)";
				FRAMEWORK_SEARCH_PATHS = (
					"$(SDKROOT)/Developer/Library/Frameworks",
					"$(inherited)",
				);
				INFOPLIST_FILE = QuizMobileTests/Info.plist;
				LD_RUNPATH_SEARCH_PATHS = "$(inherited) @executable_path/Frameworks @loader_path/Frameworks";
				PRODUCT_NAME = "$(TARGET_NAME)";
				TEST_HOST = "$(BUILT_PRODUCTS_DIR)/QuizMobile.app/QuizMobile";
			};
			name = Release;
		};
/* End XCBuildConfiguration section */

/* Begin XCConfigurationList section */
		3FE6A18F1A15D67F00F9B356 /* Build configuration list for PBXProject "QuizMobile" */ = {
			isa = XCConfigurationList;
			buildConfigurations = (
				3FE6A1B11A15D67F00F9B356 /* Debug */,
				3FE6A1B21A15D67F00F9B356 /* Release */,
			);
			defaultConfigurationIsVisible = 0;
			defaultConfigurationName = Release;
		};
		3FE6A1B31A15D67F00F9B356 /* Build configuration list for PBXNativeTarget "QuizMobile" */ = {
			isa = XCConfigurationList;
			buildConfigurations = (
				3FE6A1B41A15D67F00F9B356 /* Debug */,
				3FE6A1B51A15D67F00F9B356 /* Release */,
			);
			defaultConfigurationIsVisible = 0;
		};
		3FE6A1B61A15D67F00F9B356 /* Build configuration list for PBXNativeTarget "QuizMobileTests" */ = {
			isa = XCConfigurationList;
			buildConfigurations = (
				3FE6A1B71A15D67F00F9B356 /* Debug */,
				3FE6A1B81A15D67F00F9B356 /* Release */,
			);
			defaultConfigurationIsVisible = 0;
		};
/* End XCConfigurationList section */
	};
	rootObject = 3FE6A18C1A15D67F00F9B356 /* Project object */;
}
