// !$*UTF8*$!
{
	archiveVersion = 1;
	classes = {
	};
	objectVersion = 46;
	objects = {

/* Begin PBXBuildFile section */
		3FD9146919D2B53D00DDECD7 /* AppDelegate.swift in Sources */ = {isa = PBXBuildFile; fileRef = 3FD9146819D2B53D00DDECD7 /* AppDelegate.swift */; };
		3FD9146B19D2B53D00DDECD7 /* ViewController.swift in Sources */ = {isa = PBXBuildFile; fileRef = 3FD9146A19D2B53D00DDECD7 /* ViewController.swift */; };
		3FD9146E19D2B53D00DDECD7 /* Main.storyboard in Resources */ = {isa = PBXBuildFile; fileRef = 3FD9146C19D2B53D00DDECD7 /* Main.storyboard */; };
		3FD9147019D2B53D00DDECD7 /* Images.xcassets in Resources */ = {isa = PBXBuildFile; fileRef = 3FD9146F19D2B53D00DDECD7 /* Images.xcassets */; };
		3FD9147319D2B53D00DDECD7 /* LaunchScreen.xib in Resources */ = {isa = PBXBuildFile; fileRef = 3FD9147119D2B53D00DDECD7 /* LaunchScreen.xib */; };
		3FD9147F19D2B53D00DDECD7 /* IOS8SwiftOritotypeCellsTutorialTests.swift in Sources */ = {isa = PBXBuildFile; fileRef = 3FD9147E19D2B53D00DDECD7 /* IOS8SwiftOritotypeCellsTutorialTests.swift */; };
		3FD9148B19D2C15400DDECD7 /* Bus.png in Resources */ = {isa = PBXBuildFile; fileRef = 3FD9148819D2C15400DDECD7 /* Bus.png */; };
		3FD9148C19D2C15400DDECD7 /* Helicopter.png in Resources */ = {isa = PBXBuildFile; fileRef = 3FD9148919D2C15400DDECD7 /* Helicopter.png */; };
		3FD9148D19D2C15400DDECD7 /* Truck.png in Resources */ = {isa = PBXBuildFile; fileRef = 3FD9148A19D2C15400DDECD7 /* Truck.png */; };
/* End PBXBuildFile section */

/* Begin PBXContainerItemProxy section */
		3FD9147919D2B53D00DDECD7 /* PBXContainerItemProxy */ = {
			isa = PBXContainerItemProxy;
			containerPortal = 3FD9145B19D2B53D00DDECD7 /* Project object */;
			proxyType = 1;
			remoteGlobalIDString = 3FD9146219D2B53D00DDECD7;
			remoteInfo = IOS8SwiftOritotypeCellsTutorial;
		};
/* End PBXContainerItemProxy section */

/* Begin PBXFileReference section */
		3FD9146319D2B53D00DDECD7 /* IOS8SwiftOritotypeCellsTutorial.app */ = {isa = PBXFileReference; explicitFileType = wrapper.application; includeInIndex = 0; path = IOS8SwiftOritotypeCellsTutorial.app; sourceTree = BUILT_PRODUCTS_DIR; };
		3FD9146719D2B53D00DDECD7 /* Info.plist */ = {isa = PBXFileReference; lastKnownFileType = text.plist.xml; path = Info.plist; sourceTree = "<group>"; };
		3FD9146819D2B53D00DDECD7 /* AppDelegate.swift */ = {isa = PBXFileReference; lastKnownFileType = sourcecode.swift; path = AppDelegate.swift; sourceTree = "<group>"; };
		3FD9146A19D2B53D00DDECD7 /* ViewController.swift */ = {isa = PBXFileReference; lastKnownFileType = sourcecode.swift; path = ViewController.swift; sourceTree = "<group>"; };
		3FD9146D19D2B53D00DDECD7 /* Base */ = {isa = PBXFileReference; lastKnownFileType = file.storyboard; name = Base; path = Base.lproj/Main.storyboard; sourceTree = "<group>"; };
		3FD9146F19D2B53D00DDECD7 /* Images.xcassets */ = {isa = PBXFileReference; lastKnownFileType = folder.assetcatalog; path = Images.xcassets; sourceTree = "<group>"; };
		3FD9147219D2B53D00DDECD7 /* Base */ = {isa = PBXFileReference; lastKnownFileType = file.xib; name = Base; path = Base.lproj/LaunchScreen.xib; sourceTree = "<group>"; };
		3FD9147819D2B53D00DDECD7 /* IOS8SwiftOritotypeCellsTutorialTests.xctest */ = {isa = PBXFileReference; explicitFileType = wrapper.cfbundle; includeInIndex = 0; path = IOS8SwiftOritotypeCellsTutorialTests.xctest; sourceTree = BUILT_PRODUCTS_DIR; };
		3FD9147D19D2B53D00DDECD7 /* Info.plist */ = {isa = PBXFileReference; lastKnownFileType = text.plist.xml; path = Info.plist; sourceTree = "<group>"; };
		3FD9147E19D2B53D00DDECD7 /* IOS8SwiftOritotypeCellsTutorialTests.swift */ = {isa = PBXFileReference; lastKnownFileType = sourcecode.swift; path = IOS8SwiftOritotypeCellsTutorialTests.swift; sourceTree = "<group>"; };
		3FD9148819D2C15400DDECD7 /* Bus.png */ = {isa = PBXFileReference; lastKnownFileType = image.png; path = Bus.png; sourceTree = "<group>"; };
		3FD9148919D2C15400DDECD7 /* Helicopter.png */ = {isa = PBXFileReference; lastKnownFileType = image.png; path = Helicopter.png; sourceTree = "<group>"; };
		3FD9148A19D2C15400DDECD7 /* Truck.png */ = {isa = PBXFileReference; lastKnownFileType = image.png; path = Truck.png; sourceTree = "<group>"; };
/* End PBXFileReference section */

/* Begin PBXFrameworksBuildPhase section */
		3FD9146019D2B53D00DDECD7 /* Frameworks */ = {
			isa = PBXFrameworksBuildPhase;
			buildActionMask = 2147483647;
			files = (
			);
			runOnlyForDeploymentPostprocessing = 0;
		};
		3FD9147519D2B53D00DDECD7 /* Frameworks */ = {
			isa = PBXFrameworksBuildPhase;
			buildActionMask = 2147483647;
			files = (
			);
			runOnlyForDeploymentPostprocessing = 0;
		};
/* End PBXFrameworksBuildPhase section */

/* Begin PBXGroup section */
		3FD9145A19D2B53D00DDECD7 = {
			isa = PBXGroup;
			children = (
				3FD9146519D2B53D00DDECD7 /* IOS8SwiftOritotypeCellsTutorial */,
				3FD9147B19D2B53D00DDECD7 /* IOS8SwiftOritotypeCellsTutorialTests */,
				3FD9146419D2B53D00DDECD7 /* Products */,
			);
			sourceTree = "<group>";
		};
		3FD9146419D2B53D00DDECD7 /* Products */ = {
			isa = PBXGroup;
			children = (
				3FD9146319D2B53D00DDECD7 /* IOS8SwiftOritotypeCellsTutorial.app */,
				3FD9147819D2B53D00DDECD7 /* IOS8SwiftOritotypeCellsTutorialTests.xctest */,
			);
			name = Products;
			sourceTree = "<group>";
		};
		3FD9146519D2B53D00DDECD7 /* IOS8SwiftOritotypeCellsTutorial */ = {
			isa = PBXGroup;
			children = (
				3FD9146819D2B53D00DDECD7 /* AppDelegate.swift */,
				3FD9146A19D2B53D00DDECD7 /* ViewController.swift */,
				3FD9146C19D2B53D00DDECD7 /* Main.storyboard */,
				3FD9146F19D2B53D00DDECD7 /* Images.xcassets */,
				3FD9147119D2B53D00DDECD7 /* LaunchScreen.xib */,
				3FD9146619D2B53D00DDECD7 /* Supporting Files */,
			);
			path = IOS8SwiftOritotypeCellsTutorial;
			sourceTree = "<group>";
		};
		3FD9146619D2B53D00DDECD7 /* Supporting Files */ = {
			isa = PBXGroup;
			children = (
				3FD9148819D2C15400DDECD7 /* Bus.png */,
				3FD9148919D2C15400DDECD7 /* Helicopter.png */,
				3FD9148A19D2C15400DDECD7 /* Truck.png */,
				3FD9146719D2B53D00DDECD7 /* Info.plist */,
			);
			name = "Supporting Files";
			sourceTree = "<group>";
		};
		3FD9147B19D2B53D00DDECD7 /* IOS8SwiftOritotypeCellsTutorialTests */ = {
			isa = PBXGroup;
			children = (
				3FD9147E19D2B53D00DDECD7 /* IOS8SwiftOritotypeCellsTutorialTests.swift */,
				3FD9147C19D2B53D00DDECD7 /* Supporting Files */,
			);
			path = IOS8SwiftOritotypeCellsTutorialTests;
			sourceTree = "<group>";
		};
		3FD9147C19D2B53D00DDECD7 /* Supporting Files */ = {
			isa = PBXGroup;
			children = (
				3FD9147D19D2B53D00DDECD7 /* Info.plist */,
			);
			name = "Supporting Files";
			sourceTree = "<group>";
		};
/* End PBXGroup section */

/* Begin PBXNativeTarget section */
		3FD9146219D2B53D00DDECD7 /* IOS8SwiftOritotypeCellsTutorial */ = {
			isa = PBXNativeTarget;
			buildConfigurationList = 3FD9148219D2B53D00DDECD7 /* Build configuration list for PBXNativeTarget "IOS8SwiftOritotypeCellsTutorial" */;
			buildPhases = (
				3FD9145F19D2B53D00DDECD7 /* Sources */,
				3FD9146019D2B53D00DDECD7 /* Frameworks */,
				3FD9146119D2B53D00DDECD7 /* Resources */,
			);
			buildRules = (
			);
			dependencies = (
			);
			name = IOS8SwiftOritotypeCellsTutorial;
			productName = IOS8SwiftOritotypeCellsTutorial;
			productReference = 3FD9146319D2B53D00DDECD7 /* IOS8SwiftOritotypeCellsTutorial.app */;
			productType = "com.apple.product-type.application";
		};
		3FD9147719D2B53D00DDECD7 /* IOS8SwiftOritotypeCellsTutorialTests */ = {
			isa = PBXNativeTarget;
			buildConfigurationList = 3FD9148519D2B53D00DDECD7 /* Build configuration list for PBXNativeTarget "IOS8SwiftOritotypeCellsTutorialTests" */;
			buildPhases = (
				3FD9147419D2B53D00DDECD7 /* Sources */,
				3FD9147519D2B53D00DDECD7 /* Frameworks */,
				3FD9147619D2B53D00DDECD7 /* Resources */,
			);
			buildRules = (
			);
			dependencies = (
				3FD9147A19D2B53D00DDECD7 /* PBXTargetDependency */,
			);
			name = IOS8SwiftOritotypeCellsTutorialTests;
			productName = IOS8SwiftOritotypeCellsTutorialTests;
			productReference = 3FD9147819D2B53D00DDECD7 /* IOS8SwiftOritotypeCellsTutorialTests.xctest */;
			productType = "com.apple.product-type.bundle.unit-test";
		};
/* End PBXNativeTarget section */

/* Begin PBXProject section */
		3FD9145B19D2B53D00DDECD7 /* Project object */ = {
			isa = PBXProject;
			attributes = {
				LastUpgradeCheck = 0600;
				ORGANIZATIONNAME = Student;
				TargetAttributes = {
					3FD9146219D2B53D00DDECD7 = {
						CreatedOnToolsVersion = 6.0;
					};
					3FD9147719D2B53D00DDECD7 = {
						CreatedOnToolsVersion = 6.0;
						TestTargetID = 3FD9146219D2B53D00DDECD7;
					};
				};
			};
			buildConfigurationList = 3FD9145E19D2B53D00DDECD7 /* Build configuration list for PBXProject "IOS8SwiftOritotypeCellsTutorial" */;
			compatibilityVersion = "Xcode 3.2";
			developmentRegion = English;
			hasScannedForEncodings = 0;
			knownRegions = (
				en,
				Base,
			);
			mainGroup = 3FD9145A19D2B53D00DDECD7;
			productRefGroup = 3FD9146419D2B53D00DDECD7 /* Products */;
			projectDirPath = "";
			projectRoot = "";
			targets = (
				3FD9146219D2B53D00DDECD7 /* IOS8SwiftOritotypeCellsTutorial */,
				3FD9147719D2B53D00DDECD7 /* IOS8SwiftOritotypeCellsTutorialTests */,
			);
		};
/* End PBXProject section */

/* Begin PBXResourcesBuildPhase section */
		3FD9146119D2B53D00DDECD7 /* Resources */ = {
			isa = PBXResourcesBuildPhase;
			buildActionMask = 2147483647;
			files = (
				3FD9148C19D2C15400DDECD7 /* Helicopter.png in Resources */,
				3FD9148B19D2C15400DDECD7 /* Bus.png in Resources */,
				3FD9146E19D2B53D00DDECD7 /* Main.storyboard in Resources */,
				3FD9148D19D2C15400DDECD7 /* Truck.png in Resources */,
				3FD9147319D2B53D00DDECD7 /* LaunchScreen.xib in Resources */,
				3FD9147019D2B53D00DDECD7 /* Images.xcassets in Resources */,
			);
			runOnlyForDeploymentPostprocessing = 0;
		};
		3FD9147619D2B53D00DDECD7 /* Resources */ = {
			isa = PBXResourcesBuildPhase;
			buildActionMask = 2147483647;
			files = (
			);
			runOnlyForDeploymentPostprocessing = 0;
		};
/* End PBXResourcesBuildPhase section */

/* Begin PBXSourcesBuildPhase section */
		3FD9145F19D2B53D00DDECD7 /* Sources */ = {
			isa = PBXSourcesBuildPhase;
			buildActionMask = 2147483647;
			files = (
				3FD9146B19D2B53D00DDECD7 /* ViewController.swift in Sources */,
				3FD9146919D2B53D00DDECD7 /* AppDelegate.swift in Sources */,
			);
			runOnlyForDeploymentPostprocessing = 0;
		};
		3FD9147419D2B53D00DDECD7 /* Sources */ = {
			isa = PBXSourcesBuildPhase;
			buildActionMask = 2147483647;
			files = (
				3FD9147F19D2B53D00DDECD7 /* IOS8SwiftOritotypeCellsTutorialTests.swift in Sources */,
			);
			runOnlyForDeploymentPostprocessing = 0;
		};
/* End PBXSourcesBuildPhase section */

/* Begin PBXTargetDependency section */
		3FD9147A19D2B53D00DDECD7 /* PBXTargetDependency */ = {
			isa = PBXTargetDependency;
			target = 3FD9146219D2B53D00DDECD7 /* IOS8SwiftOritotypeCellsTutorial */;
			targetProxy = 3FD9147919D2B53D00DDECD7 /* PBXContainerItemProxy */;
		};
/* End PBXTargetDependency section */

/* Begin PBXVariantGroup section */
		3FD9146C19D2B53D00DDECD7 /* Main.storyboard */ = {
			isa = PBXVariantGroup;
			children = (
				3FD9146D19D2B53D00DDECD7 /* Base */,
			);
			name = Main.storyboard;
			sourceTree = "<group>";
		};
		3FD9147119D2B53D00DDECD7 /* LaunchScreen.xib */ = {
			isa = PBXVariantGroup;
			children = (
				3FD9147219D2B53D00DDECD7 /* Base */,
			);
			name = LaunchScreen.xib;
			sourceTree = "<group>";
		};
/* End PBXVariantGroup section */

/* Begin XCBuildConfiguration section */
		3FD9148019D2B53D00DDECD7 /* Debug */ = {
			isa = XCBuildConfiguration;
			buildSettings = {
				ALWAYS_SEARCH_USER_PATHS = NO;
				CLANG_CXX_LANGUAGE_STANDARD = "gnu++0x";
				CLANG_CXX_LIBRARY = "libc++";
				CLANG_ENABLE_MODULES = YES;
				CLANG_ENABLE_OBJC_ARC = YES;
				CLANG_WARN_BOOL_CONVERSION = YES;
				CLANG_WARN_CONSTANT_CONVERSION = YES;
				CLANG_WARN_DIRECT_OBJC_ISA_USAGE = YES_ERROR;
				CLANG_WARN_EMPTY_BODY = YES;
				CLANG_WARN_ENUM_CONVERSION = YES;
				CLANG_WARN_INT_CONVERSION = YES;
				CLANG_WARN_OBJC_ROOT_CLASS = YES_ERROR;
				CLANG_WARN_UNREACHABLE_CODE = YES;
				CLANG_WARN__DUPLICATE_METHOD_MATCH = YES;
				"CODE_SIGN_IDENTITY[sdk=iphoneos*]" = "iPhone Developer";
				COPY_PHASE_STRIP = NO;
				ENABLE_STRICT_OBJC_MSGSEND = YES;
				GCC_C_LANGUAGE_STANDARD = gnu99;
				GCC_DYNAMIC_NO_PIC = NO;
				GCC_OPTIMIZATION_LEVEL = 0;
				GCC_PREPROCESSOR_DEFINITIONS = (
					"DEBUG=1",
					"$(inherited)",
				);
				GCC_SYMBOLS_PRIVATE_EXTERN = NO;
				GCC_WARN_64_TO_32_BIT_CONVERSION = YES;
				GCC_WARN_ABOUT_RETURN_TYPE = YES_ERROR;
				GCC_WARN_UNDECLARED_SELECTOR = YES;
				GCC_WARN_UNINITIALIZED_AUTOS = YES_AGGRESSIVE;
				GCC_WARN_UNUSED_FUNCTION = YES;
				GCC_WARN_UNUSED_VARIABLE = YES;
				IPHONEOS_DEPLOYMENT_TARGET = 8.0;
				MTL_ENABLE_DEBUG_INFO = YES;
				ONLY_ACTIVE_ARCH = YES;
				SDKROOT = iphoneos;
				SWIFT_OPTIMIZATION_LEVEL = "-Onone";
			};
			name = Debug;
		};
		3FD9148119D2B53D00DDECD7 /* Release */ = {
			isa = XCBuildConfiguration;
			buildSettings = {
				ALWAYS_SEARCH_USER_PATHS = NO;
				CLANG_CXX_LANGUAGE_STANDARD = "gnu++0x";
				CLANG_CXX_LIBRARY = "libc++";
				CLANG_ENABLE_MODULES = YES;
				CLANG_ENABLE_OBJC_ARC = YES;
				CLANG_WARN_BOOL_CONVERSION = YES;
				CLANG_WARN_CONSTANT_CONVERSION = YES;
				CLANG_WARN_DIRECT_OBJC_ISA_USAGE = YES_ERROR;
				CLANG_WARN_EMPTY_BODY = YES;
				CLANG_WARN_ENUM_CONVERSION = YES;
				CLANG_WARN_INT_CONVERSION = YES;
				CLANG_WARN_OBJC_ROOT_CLASS = YES_ERROR;
				CLANG_WARN_UNREACHABLE_CODE = YES;
				CLANG_WARN__DUPLICATE_METHOD_MATCH = YES;
				"CODE_SIGN_IDENTITY[sdk=iphoneos*]" = "iPhone Developer";
				COPY_PHASE_STRIP = YES;
				ENABLE_NS_ASSERTIONS = NO;
				ENABLE_STRICT_OBJC_MSGSEND = YES;
				GCC_C_LANGUAGE_STANDARD = gnu99;
				GCC_WARN_64_TO_32_BIT_CONVERSION = YES;
				GCC_WARN_ABOUT_RETURN_TYPE = YES_ERROR;
				GCC_WARN_UNDECLARED_SELECTOR = YES;
				GCC_WARN_UNINITIALIZED_AUTOS = YES_AGGRESSIVE;
				GCC_WARN_UNUSED_FUNCTION = YES;
				GCC_WARN_UNUSED_VARIABLE = YES;
				IPHONEOS_DEPLOYMENT_TARGET = 8.0;
				MTL_ENABLE_DEBUG_INFO = NO;
				SDKROOT = iphoneos;
				VALIDATE_PRODUCT = YES;
			};
			name = Release;
		};
		3FD9148319D2B53D00DDECD7 /* Debug */ = {
			isa = XCBuildConfiguration;
			buildSettings = {
				ASSETCATALOG_COMPILER_APPICON_NAME = AppIcon;
				INFOPLIST_FILE = IOS8SwiftOritotypeCellsTutorial/Info.plist;
				LD_RUNPATH_SEARCH_PATHS = "$(inherited) @executable_path/Frameworks";
				PRODUCT_NAME = "$(TARGET_NAME)";
			};
			name = Debug;
		};
		3FD9148419D2B53D00DDECD7 /* Release */ = {
			isa = XCBuildConfiguration;
			buildSettings = {
				ASSETCATALOG_COMPILER_APPICON_NAME = AppIcon;
				INFOPLIST_FILE = IOS8SwiftOritotypeCellsTutorial/Info.plist;
				LD_RUNPATH_SEARCH_PATHS = "$(inherited) @executable_path/Frameworks";
				PRODUCT_NAME = "$(TARGET_NAME)";
			};
			name = Release;
		};
		3FD9148619D2B53D00DDECD7 /* Debug */ = {
			isa = XCBuildConfiguration;
			buildSettings = {
				BUNDLE_LOADER = "$(TEST_HOST)";
				FRAMEWORK_SEARCH_PATHS = (
					"$(SDKROOT)/Developer/Library/Frameworks",
					"$(inherited)",
				);
				GCC_PREPROCESSOR_DEFINITIONS = (
					"DEBUG=1",
					"$(inherited)",
				);
				INFOPLIST_FILE = IOS8SwiftOritotypeCellsTutorialTests/Info.plist;
				LD_RUNPATH_SEARCH_PATHS = "$(inherited) @executable_path/Frameworks @loader_path/Frameworks";
				PRODUCT_NAME = "$(TARGET_NAME)";
				TEST_HOST = "$(BUILT_PRODUCTS_DIR)/IOS8SwiftOritotypeCellsTutorial.app/IOS8SwiftOritotypeCellsTutorial";
			};
			name = Debug;
		};
		3FD9148719D2B53D00DDECD7 /* Release */ = {
			isa = XCBuildConfiguration;
			buildSettings = {
				BUNDLE_LOADER = "$(TEST_HOST)";
				FRAMEWORK_SEARCH_PATHS = (
					"$(SDKROOT)/Developer/Library/Frameworks",
					"$(inherited)",
				);
				INFOPLIST_FILE = IOS8SwiftOritotypeCellsTutorialTests/Info.plist;
				LD_RUNPATH_SEARCH_PATHS = "$(inherited) @executable_path/Frameworks @loader_path/Frameworks";
				PRODUCT_NAME = "$(TARGET_NAME)";
				TEST_HOST = "$(BUILT_PRODUCTS_DIR)/IOS8SwiftOritotypeCellsTutorial.app/IOS8SwiftOritotypeCellsTutorial";
			};
			name = Release;
		};
/* End XCBuildConfiguration section */

/* Begin XCConfigurationList section */
		3FD9145E19D2B53D00DDECD7 /* Build configuration list for PBXProject "IOS8SwiftOritotypeCellsTutorial" */ = {
			isa = XCConfigurationList;
			buildConfigurations = (
				3FD9148019D2B53D00DDECD7 /* Debug */,
				3FD9148119D2B53D00DDECD7 /* Release */,
			);
			defaultConfigurationIsVisible = 0;
			defaultConfigurationName = Release;
		};
		3FD9148219D2B53D00DDECD7 /* Build configuration list for PBXNativeTarget "IOS8SwiftOritotypeCellsTutorial" */ = {
			isa = XCConfigurationList;
			buildConfigurations = (
				3FD9148319D2B53D00DDECD7 /* Debug */,
				3FD9148419D2B53D00DDECD7 /* Release */,
			);
			defaultConfigurationIsVisible = 0;
		};
		3FD9148519D2B53D00DDECD7 /* Build configuration list for PBXNativeTarget "IOS8SwiftOritotypeCellsTutorialTests" */ = {
			isa = XCConfigurationList;
			buildConfigurations = (
				3FD9148619D2B53D00DDECD7 /* Debug */,
				3FD9148719D2B53D00DDECD7 /* Release */,
			);
			defaultConfigurationIsVisible = 0;
		};
/* End XCConfigurationList section */
	};
	rootObject = 3FD9145B19D2B53D00DDECD7 /* Project object */;
}
