// !$*UTF8*$!
{
	archiveVersion = 1;
	classes = {
	};
	objectVersion = 46;
	objects = {

/* Begin PBXBuildFile section */
		3F96ACBC1A0CB9DC0001BC8E /* AppDelegate.swift in Sources */ = {isa = PBXBuildFile; fileRef = 3F96ACBB1A0CB9DC0001BC8E /* AppDelegate.swift */; };
		3F96ACBF1A0CB9DC0001BC8E /* animationWeb.xcdatamodeld in Sources */ = {isa = PBXBuildFile; fileRef = 3F96ACBD1A0CB9DC0001BC8E /* animationWeb.xcdatamodeld */; };
		3F96ACC11A0CB9DC0001BC8E /* ViewController.swift in Sources */ = {isa = PBXBuildFile; fileRef = 3F96ACC01A0CB9DC0001BC8E /* ViewController.swift */; };
		3F96ACC41A0CB9DC0001BC8E /* Main.storyboard in Resources */ = {isa = PBXBuildFile; fileRef = 3F96ACC21A0CB9DC0001BC8E /* Main.storyboard */; };
		3F96ACC61A0CB9DC0001BC8E /* Images.xcassets in Resources */ = {isa = PBXBuildFile; fileRef = 3F96ACC51A0CB9DC0001BC8E /* Images.xcassets */; };
		3F96ACC91A0CB9DC0001BC8E /* LaunchScreen.xib in Resources */ = {isa = PBXBuildFile; fileRef = 3F96ACC71A0CB9DC0001BC8E /* LaunchScreen.xib */; };
		3F96ACD51A0CB9DC0001BC8E /* animationWebTests.swift in Sources */ = {isa = PBXBuildFile; fileRef = 3F96ACD41A0CB9DC0001BC8E /* animationWebTests.swift */; };
/* End PBXBuildFile section */

/* Begin PBXContainerItemProxy section */
		3F96ACCF1A0CB9DC0001BC8E /* PBXContainerItemProxy */ = {
			isa = PBXContainerItemProxy;
			containerPortal = 3F96ACAE1A0CB9DC0001BC8E /* Project object */;
			proxyType = 1;
			remoteGlobalIDString = 3F96ACB51A0CB9DC0001BC8E;
			remoteInfo = animationWeb;
		};
/* End PBXContainerItemProxy section */

/* Begin PBXFileReference section */
		3F96ACB61A0CB9DC0001BC8E /* animationWeb.app */ = {isa = PBXFileReference; explicitFileType = wrapper.application; includeInIndex = 0; path = animationWeb.app; sourceTree = BUILT_PRODUCTS_DIR; };
		3F96ACBA1A0CB9DC0001BC8E /* Info.plist */ = {isa = PBXFileReference; lastKnownFileType = text.plist.xml; path = Info.plist; sourceTree = "<group>"; };
		3F96ACBB1A0CB9DC0001BC8E /* AppDelegate.swift */ = {isa = PBXFileReference; lastKnownFileType = sourcecode.swift; path = AppDelegate.swift; sourceTree = "<group>"; };
		3F96ACBE1A0CB9DC0001BC8E /* animationWeb.xcdatamodel */ = {isa = PBXFileReference; lastKnownFileType = wrapper.xcdatamodel; path = animationWeb.xcdatamodel; sourceTree = "<group>"; };
		3F96ACC01A0CB9DC0001BC8E /* ViewController.swift */ = {isa = PBXFileReference; lastKnownFileType = sourcecode.swift; path = ViewController.swift; sourceTree = "<group>"; };
		3F96ACC31A0CB9DC0001BC8E /* Base */ = {isa = PBXFileReference; lastKnownFileType = file.storyboard; name = Base; path = Base.lproj/Main.storyboard; sourceTree = "<group>"; };
		3F96ACC51A0CB9DC0001BC8E /* Images.xcassets */ = {isa = PBXFileReference; lastKnownFileType = folder.assetcatalog; path = Images.xcassets; sourceTree = "<group>"; };
		3F96ACC81A0CB9DC0001BC8E /* Base */ = {isa = PBXFileReference; lastKnownFileType = file.xib; name = Base; path = Base.lproj/LaunchScreen.xib; sourceTree = "<group>"; };
		3F96ACCE1A0CB9DC0001BC8E /* animationWebTests.xctest */ = {isa = PBXFileReference; explicitFileType = wrapper.cfbundle; includeInIndex = 0; path = animationWebTests.xctest; sourceTree = BUILT_PRODUCTS_DIR; };
		3F96ACD31A0CB9DC0001BC8E /* Info.plist */ = {isa = PBXFileReference; lastKnownFileType = text.plist.xml; path = Info.plist; sourceTree = "<group>"; };
		3F96ACD41A0CB9DC0001BC8E /* animationWebTests.swift */ = {isa = PBXFileReference; lastKnownFileType = sourcecode.swift; path = animationWebTests.swift; sourceTree = "<group>"; };
/* End PBXFileReference section */

/* Begin PBXFrameworksBuildPhase section */
		3F96ACB31A0CB9DC0001BC8E /* Frameworks */ = {
			isa = PBXFrameworksBuildPhase;
			buildActionMask = 2147483647;
			files = (
			);
			runOnlyForDeploymentPostprocessing = 0;
		};
		3F96ACCB1A0CB9DC0001BC8E /* Frameworks */ = {
			isa = PBXFrameworksBuildPhase;
			buildActionMask = 2147483647;
			files = (
			);
			runOnlyForDeploymentPostprocessing = 0;
		};
/* End PBXFrameworksBuildPhase section */

/* Begin PBXGroup section */
		3F96ACAD1A0CB9DC0001BC8E = {
			isa = PBXGroup;
			children = (
				3F96ACB81A0CB9DC0001BC8E /* animationWeb */,
				3F96ACD11A0CB9DC0001BC8E /* animationWebTests */,
				3F96ACB71A0CB9DC0001BC8E /* Products */,
			);
			sourceTree = "<group>";
		};
		3F96ACB71A0CB9DC0001BC8E /* Products */ = {
			isa = PBXGroup;
			children = (
				3F96ACB61A0CB9DC0001BC8E /* animationWeb.app */,
				3F96ACCE1A0CB9DC0001BC8E /* animationWebTests.xctest */,
			);
			name = Products;
			sourceTree = "<group>";
		};
		3F96ACB81A0CB9DC0001BC8E /* animationWeb */ = {
			isa = PBXGroup;
			children = (
				3F96ACBB1A0CB9DC0001BC8E /* AppDelegate.swift */,
				3F96ACC01A0CB9DC0001BC8E /* ViewController.swift */,
				3F96ACC21A0CB9DC0001BC8E /* Main.storyboard */,
				3F96ACC51A0CB9DC0001BC8E /* Images.xcassets */,
				3F96ACC71A0CB9DC0001BC8E /* LaunchScreen.xib */,
				3F96ACBD1A0CB9DC0001BC8E /* animationWeb.xcdatamodeld */,
				3F96ACB91A0CB9DC0001BC8E /* Supporting Files */,
			);
			path = animationWeb;
			sourceTree = "<group>";
		};
		3F96ACB91A0CB9DC0001BC8E /* Supporting Files */ = {
			isa = PBXGroup;
			children = (
				3F96ACBA1A0CB9DC0001BC8E /* Info.plist */,
			);
			name = "Supporting Files";
			sourceTree = "<group>";
		};
		3F96ACD11A0CB9DC0001BC8E /* animationWebTests */ = {
			isa = PBXGroup;
			children = (
				3F96ACD41A0CB9DC0001BC8E /* animationWebTests.swift */,
				3F96ACD21A0CB9DC0001BC8E /* Supporting Files */,
			);
			path = animationWebTests;
			sourceTree = "<group>";
		};
		3F96ACD21A0CB9DC0001BC8E /* Supporting Files */ = {
			isa = PBXGroup;
			children = (
				3F96ACD31A0CB9DC0001BC8E /* Info.plist */,
			);
			name = "Supporting Files";
			sourceTree = "<group>";
		};
/* End PBXGroup section */

/* Begin PBXNativeTarget section */
		3F96ACB51A0CB9DC0001BC8E /* animationWeb */ = {
			isa = PBXNativeTarget;
			buildConfigurationList = 3F96ACD81A0CB9DC0001BC8E /* Build configuration list for PBXNativeTarget "animationWeb" */;
			buildPhases = (
				3F96ACB21A0CB9DC0001BC8E /* Sources */,
				3F96ACB31A0CB9DC0001BC8E /* Frameworks */,
				3F96ACB41A0CB9DC0001BC8E /* Resources */,
			);
			buildRules = (
			);
			dependencies = (
			);
			name = animationWeb;
			productName = animationWeb;
			productReference = 3F96ACB61A0CB9DC0001BC8E /* animationWeb.app */;
			productType = "com.apple.product-type.application";
		};
		3F96ACCD1A0CB9DC0001BC8E /* animationWebTests */ = {
			isa = PBXNativeTarget;
			buildConfigurationList = 3F96ACDB1A0CB9DC0001BC8E /* Build configuration list for PBXNativeTarget "animationWebTests" */;
			buildPhases = (
				3F96ACCA1A0CB9DC0001BC8E /* Sources */,
				3F96ACCB1A0CB9DC0001BC8E /* Frameworks */,
				3F96ACCC1A0CB9DC0001BC8E /* Resources */,
			);
			buildRules = (
			);
			dependencies = (
				3F96ACD01A0CB9DC0001BC8E /* PBXTargetDependency */,
			);
			name = animationWebTests;
			productName = animationWebTests;
			productReference = 3F96ACCE1A0CB9DC0001BC8E /* animationWebTests.xctest */;
			productType = "com.apple.product-type.bundle.unit-test";
		};
/* End PBXNativeTarget section */

/* Begin PBXProject section */
		3F96ACAE1A0CB9DC0001BC8E /* Project object */ = {
			isa = PBXProject;
			attributes = {
				LastUpgradeCheck = 0600;
				ORGANIZATIONNAME = Student;
				TargetAttributes = {
					3F96ACB51A0CB9DC0001BC8E = {
						CreatedOnToolsVersion = 6.0;
					};
					3F96ACCD1A0CB9DC0001BC8E = {
						CreatedOnToolsVersion = 6.0;
						TestTargetID = 3F96ACB51A0CB9DC0001BC8E;
					};
				};
			};
			buildConfigurationList = 3F96ACB11A0CB9DC0001BC8E /* Build configuration list for PBXProject "animationWeb" */;
			compatibilityVersion = "Xcode 3.2";
			developmentRegion = English;
			hasScannedForEncodings = 0;
			knownRegions = (
				en,
				Base,
			);
			mainGroup = 3F96ACAD1A0CB9DC0001BC8E;
			productRefGroup = 3F96ACB71A0CB9DC0001BC8E /* Products */;
			projectDirPath = "";
			projectRoot = "";
			targets = (
				3F96ACB51A0CB9DC0001BC8E /* animationWeb */,
				3F96ACCD1A0CB9DC0001BC8E /* animationWebTests */,
			);
		};
/* End PBXProject section */

/* Begin PBXResourcesBuildPhase section */
		3F96ACB41A0CB9DC0001BC8E /* Resources */ = {
			isa = PBXResourcesBuildPhase;
			buildActionMask = 2147483647;
			files = (
				3F96ACC41A0CB9DC0001BC8E /* Main.storyboard in Resources */,
				3F96ACC91A0CB9DC0001BC8E /* LaunchScreen.xib in Resources */,
				3F96ACC61A0CB9DC0001BC8E /* Images.xcassets in Resources */,
			);
			runOnlyForDeploymentPostprocessing = 0;
		};
		3F96ACCC1A0CB9DC0001BC8E /* Resources */ = {
			isa = PBXResourcesBuildPhase;
			buildActionMask = 2147483647;
			files = (
			);
			runOnlyForDeploymentPostprocessing = 0;
		};
/* End PBXResourcesBuildPhase section */

/* Begin PBXSourcesBuildPhase section */
		3F96ACB21A0CB9DC0001BC8E /* Sources */ = {
			isa = PBXSourcesBuildPhase;
			buildActionMask = 2147483647;
			files = (
				3F96ACC11A0CB9DC0001BC8E /* ViewController.swift in Sources */,
				3F96ACBC1A0CB9DC0001BC8E /* AppDelegate.swift in Sources */,
				3F96ACBF1A0CB9DC0001BC8E /* animationWeb.xcdatamodeld in Sources */,
			);
			runOnlyForDeploymentPostprocessing = 0;
		};
		3F96ACCA1A0CB9DC0001BC8E /* Sources */ = {
			isa = PBXSourcesBuildPhase;
			buildActionMask = 2147483647;
			files = (
				3F96ACD51A0CB9DC0001BC8E /* animationWebTests.swift in Sources */,
			);
			runOnlyForDeploymentPostprocessing = 0;
		};
/* End PBXSourcesBuildPhase section */

/* Begin PBXTargetDependency section */
		3F96ACD01A0CB9DC0001BC8E /* PBXTargetDependency */ = {
			isa = PBXTargetDependency;
			target = 3F96ACB51A0CB9DC0001BC8E /* animationWeb */;
			targetProxy = 3F96ACCF1A0CB9DC0001BC8E /* PBXContainerItemProxy */;
		};
/* End PBXTargetDependency section */

/* Begin PBXVariantGroup section */
		3F96ACC21A0CB9DC0001BC8E /* Main.storyboard */ = {
			isa = PBXVariantGroup;
			children = (
				3F96ACC31A0CB9DC0001BC8E /* Base */,
			);
			name = Main.storyboard;
			sourceTree = "<group>";
		};
		3F96ACC71A0CB9DC0001BC8E /* LaunchScreen.xib */ = {
			isa = PBXVariantGroup;
			children = (
				3F96ACC81A0CB9DC0001BC8E /* Base */,
			);
			name = LaunchScreen.xib;
			sourceTree = "<group>";
		};
/* End PBXVariantGroup section */

/* Begin XCBuildConfiguration section */
		3F96ACD61A0CB9DC0001BC8E /* Debug */ = {
			isa = XCBuildConfiguration;
			buildSettings = {
				ALWAYS_SEARCH_USER_PATHS = NO;
				CLANG_CXX_LANGUAGE_STANDARD = "gnu++0x";
				CLANG_CXX_LIBRARY = "libc++";
				CLANG_ENABLE_MODULES = YES;
				CLANG_ENABLE_OBJC_ARC = YES;
				CLANG_WARN_BOOL_CONVERSION = YES;
				CLANG_WARN_CONSTANT_CONVERSION = YES;
				CLANG_WARN_DIRECT_OBJC_ISA_USAGE = YES_ERROR;
				CLANG_WARN_EMPTY_BODY = YES;
				CLANG_WARN_ENUM_CONVERSION = YES;
				CLANG_WARN_INT_CONVERSION = YES;
				CLANG_WARN_OBJC_ROOT_CLASS = YES_ERROR;
				CLANG_WARN_UNREACHABLE_CODE = YES;
				CLANG_WARN__DUPLICATE_METHOD_MATCH = YES;
				"CODE_SIGN_IDENTITY[sdk=iphoneos*]" = "iPhone Developer";
				COPY_PHASE_STRIP = NO;
				ENABLE_STRICT_OBJC_MSGSEND = YES;
				GCC_C_LANGUAGE_STANDARD = gnu99;
				GCC_DYNAMIC_NO_PIC = NO;
				GCC_OPTIMIZATION_LEVEL = 0;
				GCC_PREPROCESSOR_DEFINITIONS = (
					"DEBUG=1",
					"$(inherited)",
				);
				GCC_SYMBOLS_PRIVATE_EXTERN = NO;
				GCC_WARN_64_TO_32_BIT_CONVERSION = YES;
				GCC_WARN_ABOUT_RETURN_TYPE = YES_ERROR;
				GCC_WARN_UNDECLARED_SELECTOR = YES;
				GCC_WARN_UNINITIALIZED_AUTOS = YES_AGGRESSIVE;
				GCC_WARN_UNUSED_FUNCTION = YES;
				GCC_WARN_UNUSED_VARIABLE = YES;
				IPHONEOS_DEPLOYMENT_TARGET = 8.0;
				MTL_ENABLE_DEBUG_INFO = YES;
				ONLY_ACTIVE_ARCH = YES;
				SDKROOT = iphoneos;
				SWIFT_OPTIMIZATION_LEVEL = "-Onone";
			};
			name = Debug;
		};
		3F96ACD71A0CB9DC0001BC8E /* Release */ = {
			isa = XCBuildConfiguration;
			buildSettings = {
				ALWAYS_SEARCH_USER_PATHS = NO;
				CLANG_CXX_LANGUAGE_STANDARD = "gnu++0x";
				CLANG_CXX_LIBRARY = "libc++";
				CLANG_ENABLE_MODULES = YES;
				CLANG_ENABLE_OBJC_ARC = YES;
				CLANG_WARN_BOOL_CONVERSION = YES;
				CLANG_WARN_CONSTANT_CONVERSION = YES;
				CLANG_WARN_DIRECT_OBJC_ISA_USAGE = YES_ERROR;
				CLANG_WARN_EMPTY_BODY = YES;
				CLANG_WARN_ENUM_CONVERSION = YES;
				CLANG_WARN_INT_CONVERSION = YES;
				CLANG_WARN_OBJC_ROOT_CLASS = YES_ERROR;
				CLANG_WARN_UNREACHABLE_CODE = YES;
				CLANG_WARN__DUPLICATE_METHOD_MATCH = YES;
				"CODE_SIGN_IDENTITY[sdk=iphoneos*]" = "iPhone Developer";
				COPY_PHASE_STRIP = YES;
				ENABLE_NS_ASSERTIONS = NO;
				ENABLE_STRICT_OBJC_MSGSEND = YES;
				GCC_C_LANGUAGE_STANDARD = gnu99;
				GCC_WARN_64_TO_32_BIT_CONVERSION = YES;
				GCC_WARN_ABOUT_RETURN_TYPE = YES_ERROR;
				GCC_WARN_UNDECLARED_SELECTOR = YES;
				GCC_WARN_UNINITIALIZED_AUTOS = YES_AGGRESSIVE;
				GCC_WARN_UNUSED_FUNCTION = YES;
				GCC_WARN_UNUSED_VARIABLE = YES;
				IPHONEOS_DEPLOYMENT_TARGET = 8.0;
				MTL_ENABLE_DEBUG_INFO = NO;
				SDKROOT = iphoneos;
				VALIDATE_PRODUCT = YES;
			};
			name = Release;
		};
		3F96ACD91A0CB9DC0001BC8E /* Debug */ = {
			isa = XCBuildConfiguration;
			buildSettings = {
				ASSETCATALOG_COMPILER_APPICON_NAME = AppIcon;
				INFOPLIST_FILE = animationWeb/Info.plist;
				LD_RUNPATH_SEARCH_PATHS = "$(inherited) @executable_path/Frameworks";
				PRODUCT_NAME = "$(TARGET_NAME)";
			};
			name = Debug;
		};
		3F96ACDA1A0CB9DC0001BC8E /* Release */ = {
			isa = XCBuildConfiguration;
			buildSettings = {
				ASSETCATALOG_COMPILER_APPICON_NAME = AppIcon;
				INFOPLIST_FILE = animationWeb/Info.plist;
				LD_RUNPATH_SEARCH_PATHS = "$(inherited) @executable_path/Frameworks";
				PRODUCT_NAME = "$(TARGET_NAME)";
			};
			name = Release;
		};
		3F96ACDC1A0CB9DC0001BC8E /* Debug */ = {
			isa = XCBuildConfiguration;
			buildSettings = {
				BUNDLE_LOADER = "$(TEST_HOST)";
				FRAMEWORK_SEARCH_PATHS = (
					"$(SDKROOT)/Developer/Library/Frameworks",
					"$(inherited)",
				);
				GCC_PREPROCESSOR_DEFINITIONS = (
					"DEBUG=1",
					"$(inherited)",
				);
				INFOPLIST_FILE = animationWebTests/Info.plist;
				LD_RUNPATH_SEARCH_PATHS = "$(inherited) @executable_path/Frameworks @loader_path/Frameworks";
				PRODUCT_NAME = "$(TARGET_NAME)";
				TEST_HOST = "$(BUILT_PRODUCTS_DIR)/animationWeb.app/animationWeb";
			};
			name = Debug;
		};
		3F96ACDD1A0CB9DC0001BC8E /* Release */ = {
			isa = XCBuildConfiguration;
			buildSettings = {
				BUNDLE_LOADER = "$(TEST_HOST)";
				FRAMEWORK_SEARCH_PATHS = (
					"$(SDKROOT)/Developer/Library/Frameworks",
					"$(inherited)",
				);
				INFOPLIST_FILE = animationWebTests/Info.plist;
				LD_RUNPATH_SEARCH_PATHS = "$(inherited) @executable_path/Frameworks @loader_path/Frameworks";
				PRODUCT_NAME = "$(TARGET_NAME)";
				TEST_HOST = "$(BUILT_PRODUCTS_DIR)/animationWeb.app/animationWeb";
			};
			name = Release;
		};
/* End XCBuildConfiguration section */

/* Begin XCConfigurationList section */
		3F96ACB11A0CB9DC0001BC8E /* Build configuration list for PBXProject "animationWeb" */ = {
			isa = XCConfigurationList;
			buildConfigurations = (
				3F96ACD61A0CB9DC0001BC8E /* Debug */,
				3F96ACD71A0CB9DC0001BC8E /* Release */,
			);
			defaultConfigurationIsVisible = 0;
			defaultConfigurationName = Release;
		};
		3F96ACD81A0CB9DC0001BC8E /* Build configuration list for PBXNativeTarget "animationWeb" */ = {
			isa = XCConfigurationList;
			buildConfigurations = (
				3F96ACD91A0CB9DC0001BC8E /* Debug */,
				3F96ACDA1A0CB9DC0001BC8E /* Release */,
			);
			defaultConfigurationIsVisible = 0;
		};
		3F96ACDB1A0CB9DC0001BC8E /* Build configuration list for PBXNativeTarget "animationWebTests" */ = {
			isa = XCConfigurationList;
			buildConfigurations = (
				3F96ACDC1A0CB9DC0001BC8E /* Debug */,
				3F96ACDD1A0CB9DC0001BC8E /* Release */,
			);
			defaultConfigurationIsVisible = 0;
		};
/* End XCConfigurationList section */

/* Begin XCVersionGroup section */
		3F96ACBD1A0CB9DC0001BC8E /* animationWeb.xcdatamodeld */ = {
			isa = XCVersionGroup;
			children = (
				3F96ACBE1A0CB9DC0001BC8E /* animationWeb.xcdatamodel */,
			);
			currentVersion = 3F96ACBE1A0CB9DC0001BC8E /* animationWeb.xcdatamodel */;
			path = animationWeb.xcdatamodeld;
			sourceTree = "<group>";
			versionGroupType = wrapper.xcdatamodel;
		};
/* End XCVersionGroup section */
	};
	rootObject = 3F96ACAE1A0CB9DC0001BC8E /* Project object */;
}
